
Microsoft Visual Studio Solution File, Format Version 12.00
# Visual Studio Version 17
VisualStudioVersion = 17.12.35527.113
MinimumVisualStudioVersion = 10.0.40219.1
Project("{FAE04EC0-301F-11D3-BF4B-00C04F79EFBC}") = "WorkShopManager", "WorkShopManager.csproj", "{3F4AF2EF-6AFD-45DB-B640-D1FD146E7ACF}"
EndProject
Project("{2150E333-8FDC-42A3-9474-1A3956D46DE8}") = "SolutionFolder", "SolutionFolder", "{02EA681E-C7D8-13C7-8484-4AC65E1B71E8}"
	ProjectSection(SolutionItems) = preProject
		.gitignore = .gitignore
	EndProjectSection
EndProject
Global
	GlobalSection(SolutionConfigurationPlatforms) = preSolution
		Debug|Any CPU = Debug|Any CPU
		Release|Any CPU = Release|Any CPU
	EndGlobalSection
	GlobalSection(ProjectConfigurationPlatforms) = postSolution
		{3F4AF2EF-6AFD-45DB-B640-D1FD146E7ACF}.Debug|Any CPU.ActiveCfg = Debug|Any CPU
		{3F4AF2EF-6AFD-45DB-B640-D1FD146E7ACF}.Debug|Any CPU.Build.0 = Debug|Any CPU
		{3F4AF2EF-6AFD-45DB-B640-D1FD146E7ACF}.Release|Any CPU.ActiveCfg = Release|Any CPU
		{3F4AF2EF-6AFD-45DB-B640-D1FD146E7ACF}.Release|Any CPU.Build.0 = Release|Any CPU
	EndGlobalSection
	GlobalSection(SolutionProperties) = preSolution
		HideSolutionNode = FALSE
	EndGlobalSection
	GlobalSection(ExtensibilityGlobals) = postSolution
		SolutionGuid = {882AE790-8389-4B65-A673-596AD5BC979A}
	EndGlobalSection
EndGlobal
